{
  "name": "best-game-server",
  "version": "1.0.0",
  "lockfileVersion": 1,
  "requires": true,
  "dependencies": {
    "async-limiter": {
      "version": "1.0.0",
      "resolved": "https://registry.npmjs.org/async-limiter/-/async-limiter-1.0.0.tgz",
      "integrity": "sha1-ePrtjD0HSrgfIrTphdeehzj3IPg="
    },
    "node-fetch": {
      "version": "2.6.0",
      "resolved": "https://registry.npmjs.org/node-fetch/-/node-fetch-2.6.0.tgz",
      "integrity": "sha512-8dG4H5ujfvFiqDmVu9fQ5bOHUC15JMjMY/Zumv26oOvvVJjM67KF8koCWIabKQ1GJIa9r2mMZscBq/TbdOcmNA=="
    },
    "ws": {
      "version": "7.1.0",
      "resolved": "https://registry.npmjs.org/ws/-/ws-7.1.0.tgz",
      "integrity": "sha1-A5VkbG/MOsVqv2HOGkIDljemvZg=",
      "requires": {
        "async-limiter": "^1.0.0"
      }
    },
    "yuka": {
      "version": "0.1.0",
      "resolved": "https://registry.npmjs.org/yuka/-/yuka-0.1.0.tgz",
      "integrity": "sha512-PtL9xM7JL2m/EgIyje3ap7dvqkKy/337XH5rcb4bcQvywbnf6gfXJXxaV5AO9kAC94ZhmFfZtz8jJ3ShZlEA2A=="
    }
  }
}
